// !$*UTF8*$!
{
	archiveVersion = 1;
	classes = {
	};
	objectVersion = 50;
	objects = {

/* Begin PBXBuildFile section */
		40B642D9251CA0A900FEF93D /* RWPickFlavor.h in Headers */ = {isa = PBXBuildFile; fileRef = 40B642D7251CA0A900FEF93D /* RWPickFlavor.h */; settings = {ATTRIBUTES = (Public, ); }; };
		40B642F3251CA39700FEF93D /* ScoopCell.swift in Sources */ = {isa = PBXBuildFile; fileRef = 40B642E5251CA39700FEF93D /* ScoopCell.swift */; };
		40B642F4251CA39700FEF93D /* ScoopView.swift in Sources */ = {isa = PBXBuildFile; fileRef = 40B642E6251CA39700FEF93D /* ScoopView.swift */; };
		40B642F5251CA39700FEF93D /* Main.storyboard in Resources */ = {isa = PBXBuildFile; fileRef = 40B642E7251CA39700FEF93D /* Main.storyboard */; };
		40B642F6251CA39700FEF93D /* IceCreamView.swift in Sources */ = {isa = PBXBuildFile; fileRef = 40B642E9251CA39700FEF93D /* IceCreamView.swift */; };
		40B642F7251CA39700FEF93D /* Flavor.swift in Sources */ = {isa = PBXBuildFile; fileRef = 40B642EB251CA39700FEF93D /* Flavor.swift */; };
		40B642F8251CA39700FEF93D /* PickFlavorViewController.swift in Sources */ = {isa = PBXBuildFile; fileRef = 40B642ED251CA39700FEF93D /* PickFlavorViewController.swift */; };
		40B642F9251CA39700FEF93D /* PickFlavorDataSource.swift in Sources */ = {isa = PBXBuildFile; fileRef = 40B642EE251CA39700FEF93D /* PickFlavorDataSource.swift */; };
		40B642FA251CA39700FEF93D /* RGBAColorFromString.swift in Sources */ = {isa = PBXBuildFile; fileRef = 40B642F0251CA39700FEF93D /* RGBAColorFromString.swift */; };
		40B642FB251CA39700FEF93D /* Images.xcassets in Resources */ = {isa = PBXBuildFile; fileRef = 40B642F2251CA39700FEF93D /* Images.xcassets */; };
		B95890DDF9ADD2DA525BC291 /* libPods-RWPickFlavor.a in Frameworks */ = {isa = PBXBuildFile; fileRef = A083AEB55F61A7985508173E /* libPods-RWPickFlavor.a */; };
/* End PBXBuildFile section */

/* Begin PBXFileReference section */
		138EBE43909D6BCA7A51A52B /* Pods-RWPickFlavor.debug.xcconfig */ = {isa = PBXFileReference; includeInIndex = 1; lastKnownFileType = text.xcconfig; name = "Pods-RWPickFlavor.debug.xcconfig"; path = "Target Support Files/Pods-RWPickFlavor/Pods-RWPickFlavor.debug.xcconfig"; sourceTree = "<group>"; };
		40B642D4251CA0A900FEF93D /* RWPickFlavor.framework */ = {isa = PBXFileReference; explicitFileType = wrapper.framework; includeInIndex = 0; path = RWPickFlavor.framework; sourceTree = BUILT_PRODUCTS_DIR; };
		40B642D7251CA0A900FEF93D /* RWPickFlavor.h */ = {isa = PBXFileReference; lastKnownFileType = sourcecode.c.h; path = RWPickFlavor.h; sourceTree = "<group>"; };
		40B642D8251CA0A900FEF93D /* Info.plist */ = {isa = PBXFileReference; lastKnownFileType = text.plist.xml; path = Info.plist; sourceTree = "<group>"; };
		40B642E5251CA39700FEF93D /* ScoopCell.swift */ = {isa = PBXFileReference; fileEncoding = 4; lastKnownFileType = sourcecode.swift; path = ScoopCell.swift; sourceTree = "<group>"; };
		40B642E6251CA39700FEF93D /* ScoopView.swift */ = {isa = PBXFileReference; fileEncoding = 4; lastKnownFileType = sourcecode.swift; path = ScoopView.swift; sourceTree = "<group>"; };
		40B642E8251CA39700FEF93D /* Base */ = {isa = PBXFileReference; lastKnownFileType = file.storyboard; name = Base; path = Base.lproj/Main.storyboard; sourceTree = "<group>"; };
		40B642E9251CA39700FEF93D /* IceCreamView.swift */ = {isa = PBXFileReference; fileEncoding = 4; lastKnownFileType = sourcecode.swift; path = IceCreamView.swift; sourceTree = "<group>"; };
		40B642EB251CA39700FEF93D /* Flavor.swift */ = {isa = PBXFileReference; fileEncoding = 4; lastKnownFileType = sourcecode.swift; path = Flavor.swift; sourceTree = "<group>"; };
		40B642ED251CA39700FEF93D /* PickFlavorViewController.swift */ = {isa = PBXFileReference; fileEncoding = 4; lastKnownFileType = sourcecode.swift; path = PickFlavorViewController.swift; sourceTree = "<group>"; };
		40B642EE251CA39700FEF93D /* PickFlavorDataSource.swift */ = {isa = PBXFileReference; fileEncoding = 4; lastKnownFileType = sourcecode.swift; path = PickFlavorDataSource.swift; sourceTree = "<group>"; };
		40B642F0251CA39700FEF93D /* RGBAColorFromString.swift */ = {isa = PBXFileReference; fileEncoding = 4; lastKnownFileType = sourcecode.swift; path = RGBAColorFromString.swift; sourceTree = "<group>"; };
		40B642F2251CA39700FEF93D /* Images.xcassets */ = {isa = PBXFileReference; lastKnownFileType = folder.assetcatalog; path = Images.xcassets; sourceTree = "<group>"; };
		A083AEB55F61A7985508173E /* libPods-RWPickFlavor.a */ = {isa = PBXFileReference; explicitFileType = archive.ar; includeInIndex = 0; path = "libPods-RWPickFlavor.a"; sourceTree = BUILT_PRODUCTS_DIR; };
		B08A59565BE5E98197B43B59 /* Pods-RWPickFlavor.release.xcconfig */ = {isa = PBXFileReference; includeInIndex = 1; lastKnownFileType = text.xcconfig; name = "Pods-RWPickFlavor.release.xcconfig"; path = "Target Support Files/Pods-RWPickFlavor/Pods-RWPickFlavor.release.xcconfig"; sourceTree = "<group>"; };
/* End PBXFileReference section */

/* Begin PBXFrameworksBuildPhase section */
		40B642D1251CA0A900FEF93D /* Frameworks */ = {
			isa = PBXFrameworksBuildPhase;
			buildActionMask = 2147483647;
			files = (
				B95890DDF9ADD2DA525BC291 /* libPods-RWPickFlavor.a in Frameworks */,
			);
			runOnlyForDeploymentPostprocessing = 0;
		};
/* End PBXFrameworksBuildPhase section */

/* Begin PBXGroup section */
		40B642CA251CA0A900FEF93D = {
			isa = PBXGroup;
			children = (
				40B642D6251CA0A900FEF93D /* RWPickFlavor */,
				40B642D5251CA0A900FEF93D /* Products */,
				C12C4323C7146F6B63AB0FF7 /* Pods */,
				BBCB59A3CCC99BE142A63101 /* Frameworks */,
			);
			sourceTree = "<group>";
		};
		40B642D5251CA0A900FEF93D /* Products */ = {
			isa = PBXGroup;
			children = (
				40B642D4251CA0A900FEF93D /* RWPickFlavor.framework */,
			);
			name = Products;
			sourceTree = "<group>";
		};
		40B642D6251CA0A900FEF93D /* RWPickFlavor */ = {
			isa = PBXGroup;
			children = (
				40B642EF251CA39700FEF93D /* Categories */,
				40B642EC251CA39700FEF93D /* Controllers */,
				40B642EA251CA39700FEF93D /* Models */,
				40B642F1251CA39700FEF93D /* Resources */,
				40B642E4251CA39700FEF93D /* Views */,
				40B642D7251CA0A900FEF93D /* RWPickFlavor.h */,
				40B642D8251CA0A900FEF93D /* Info.plist */,
			);
			path = RWPickFlavor;
			sourceTree = "<group>";
		};
		40B642E4251CA39700FEF93D /* Views */ = {
			isa = PBXGroup;
			children = (
				40B642E5251CA39700FEF93D /* ScoopCell.swift */,
				40B642E6251CA39700FEF93D /* ScoopView.swift */,
				40B642E7251CA39700FEF93D /* Main.storyboard */,
				40B642E9251CA39700FEF93D /* IceCreamView.swift */,
			);
			path = Views;
			sourceTree = "<group>";
		};
		40B642EA251CA39700FEF93D /* Models */ = {
			isa = PBXGroup;
			children = (
				40B642EB251CA39700FEF93D /* Flavor.swift */,
			);
			path = Models;
			sourceTree = "<group>";
		};
		40B642EC251CA39700FEF93D /* Controllers */ = {
			isa = PBXGroup;
			children = (
				40B642ED251CA39700FEF93D /* PickFlavorViewController.swift */,
				40B642EE251CA39700FEF93D /* PickFlavorDataSource.swift */,
			);
			path = Controllers;
			sourceTree = "<group>";
		};
		40B642EF251CA39700FEF93D /* Categories */ = {
			isa = PBXGroup;
			children = (
				40B642F0251CA39700FEF93D /* RGBAColorFromString.swift */,
			);
			path = Categories;
			sourceTree = "<group>";
		};
		40B642F1251CA39700FEF93D /* Resources */ = {
			isa = PBXGroup;
			children = (
				40B642F2251CA39700FEF93D /* Images.xcassets */,
			);
			path = Resources;
			sourceTree = "<group>";
		};
		BBCB59A3CCC99BE142A63101 /* Frameworks */ = {
			isa = PBXGroup;
			children = (
				A083AEB55F61A7985508173E /* libPods-RWPickFlavor.a */,
			);
			name = Frameworks;
			sourceTree = "<group>";
		};
		C12C4323C7146F6B63AB0FF7 /* Pods */ = {
			isa = PBXGroup;
			children = (
				138EBE43909D6BCA7A51A52B /* Pods-RWPickFlavor.debug.xcconfig */,
				B08A59565BE5E98197B43B59 /* Pods-RWPickFlavor.release.xcconfig */,
			);
			path = Pods;
			sourceTree = "<group>";
		};
/* End PBXGroup section */

/* Begin PBXHeadersBuildPhase section */
		40B642CF251CA0A900FEF93D /* Headers */ = {
			isa = PBXHeadersBuildPhase;
			buildActionMask = 2147483647;
			files = (
				40B642D9251CA0A900FEF93D /* RWPickFlavor.h in Headers */,
			);
			runOnlyForDeploymentPostprocessing = 0;
		};
/* End PBXHeadersBuildPhase section */

/* Begin PBXNativeTarget section */
		40B642D3251CA0A900FEF93D /* RWPickFlavor */ = {
			isa = PBXNativeTarget;
			buildConfigurationList = 40B642DC251CA0A900FEF93D /* Build configuration list for PBXNativeTarget "RWPickFlavor" */;
			buildPhases = (
				DB614BE84ECE579EA37DC9BF /* [CP] Check Pods Manifest.lock */,
				40B642CF251CA0A900FEF93D /* Headers */,
				40B642D0251CA0A900FEF93D /* Sources */,
				40B642D1251CA0A900FEF93D /* Frameworks */,
				40B642D2251CA0A900FEF93D /* Resources */,
			);
			buildRules = (
			);
			dependencies = (
			);
			name = RWPickFlavor;
			productName = RWPickFlavor;
			productReference = 40B642D4251CA0A900FEF93D /* RWPickFlavor.framework */;
			productType = "com.apple.product-type.framework";
		};
/* End PBXNativeTarget section */

/* Begin PBXProject section */
		40B642CB251CA0A900FEF93D /* Project object */ = {
			isa = PBXProject;
			attributes = {
				LastUpgradeCheck = 1200;
				TargetAttributes = {
					40B642D3251CA0A900FEF93D = {
						CreatedOnToolsVersion = 12.0;
					};
				};
			};
			buildConfigurationList = 40B642CE251CA0A900FEF93D /* Build configuration list for PBXProject "RWPickFlavor" */;
			compatibilityVersion = "Xcode 9.3";
			developmentRegion = en;
			hasScannedForEncodings = 0;
			knownRegions = (
				en,
				Base,
			);
			mainGroup = 40B642CA251CA0A900FEF93D;
			productRefGroup = 40B642D5251CA0A900FEF93D /* Products */;
			projectDirPath = "";
			projectRoot = "";
			targets = (
				40B642D3251CA0A900FEF93D /* RWPickFlavor */,
			);
		};
/* End PBXProject section */

/* Begin PBXResourcesBuildPhase section */
		40B642D2251CA0A900FEF93D /* Resources */ = {
			isa = PBXResourcesBuildPhase;
			buildActionMask = 2147483647;
			files = (
				40B642F5251CA39700FEF93D /* Main.storyboard in Resources */,
				40B642FB251CA39700FEF93D /* Images.xcassets in Resources */,
			);
			runOnlyForDeploymentPostprocessing = 0;
		};
/* End PBXResourcesBuildPhase section */

/* Begin PBXShellScriptBuildPhase section */
		DB614BE84ECE579EA37DC9BF /* [CP] Check Pods Manifest.lock */ = {
			isa = PBXShellScriptBuildPhase;
			buildActionMask = 2147483647;
			files = (
			);
			inputFileListPaths = (
			);
			inputPaths = (
				"${PODS_PODFILE_DIR_PATH}/Podfile.lock",
				"${PODS_ROOT}/Manifest.lock",
			);
			name = "[CP] Check Pods Manifest.lock";
			outputFileListPaths = (
			);
			outputPaths = (
				"$(DERIVED_FILE_DIR)/Pods-RWPickFlavor-checkManifestLockResult.txt",
			);
			runOnlyForDeploymentPostprocessing = 0;
			shellPath = /bin/sh;
			shellScript = "diff \"${PODS_PODFILE_DIR_PATH}/Podfile.lock\" \"${PODS_ROOT}/Manifest.lock\" > /dev/null\nif [ $? != 0 ] ; then\n    # print error to STDERR\n    echo \"error: The sandbox is not in sync with the Podfile.lock. Run 'pod install' or update your CocoaPods installation.\" >&2\n    exit 1\nfi\n# This output is used by Xcode 'outputs' to avoid re-running this script phase.\necho \"SUCCESS\" > \"${SCRIPT_OUTPUT_FILE_0}\"\n";
			showEnvVarsInLog = 0;
		};
/* End PBXShellScriptBuildPhase section */

/* Begin PBXSourcesBuildPhase section */
		40B642D0251CA0A900FEF93D /* Sources */ = {
			isa = PBXSourcesBuildPhase;
			buildActionMask = 2147483647;
			files = (
				40B642FA251CA39700FEF93D /* RGBAColorFromString.swift in Sources */,
				40B642F3251CA39700FEF93D /* ScoopCell.swift in Sources */,
				40B642F9251CA39700FEF93D /* PickFlavorDataSource.swift in Sources */,
				40B642F7251CA39700FEF93D /* Flavor.swift in Sources */,
				40B642F4251CA39700FEF93D /* ScoopView.swift in Sources */,
				40B642F6251CA39700FEF93D /* IceCreamView.swift in Sources */,
				40B642F8251CA39700FEF93D /* PickFlavorViewController.swift in Sources */,
			);
			runOnlyForDeploymentPostprocessing = 0;
		};
/* End PBXSourcesBuildPhase section */

/* Begin PBXVariantGroup section */
		40B642E7251CA39700FEF93D /* Main.storyboard */ = {
			isa = PBXVariantGroup;
			children = (
				40B642E8251CA39700FEF93D /* Base */,
			);
			name = Main.storyboard;
			sourceTree = "<group>";
		};
/* End PBXVariantGroup section */

/* Begin XCBuildConfiguration section */
		40B642DA251CA0A900FEF93D /* Debug */ = {
			isa = XCBuildConfiguration;
			buildSettings = {
				ALWAYS_SEARCH_USER_PATHS = NO;
				CLANG_ANALYZER_NONNULL = YES;
				CLANG_ANALYZER_NUMBER_OBJECT_CONVERSION = YES_AGGRESSIVE;
				CLANG_CXX_LANGUAGE_STANDARD = "gnu++14";
				CLANG_CXX_LIBRARY = "libc++";
				CLANG_ENABLE_MODULES = YES;
				CLANG_ENABLE_OBJC_ARC = YES;
				CLANG_ENABLE_OBJC_WEAK = YES;
				CLANG_WARN_BLOCK_CAPTURE_AUTORELEASING = YES;
				CLANG_WARN_BOOL_CONVERSION = YES;
				CLANG_WARN_COMMA = YES;
				CLANG_WARN_CONSTANT_CONVERSION = YES;
				CLANG_WARN_DEPRECATED_OBJC_IMPLEMENTATIONS = YES;
				CLANG_WARN_DIRECT_OBJC_ISA_USAGE = YES_ERROR;
				CLANG_WARN_DOCUMENTATION_COMMENTS = YES;
				CLANG_WARN_EMPTY_BODY = YES;
				CLANG_WARN_ENUM_CONVERSION = YES;
				CLANG_WARN_INFINITE_RECURSION = YES;
				CLANG_WARN_INT_CONVERSION = YES;
				CLANG_WARN_NON_LITERAL_NULL_CONVERSION = YES;
				CLANG_WARN_OBJC_IMPLICIT_RETAIN_SELF = YES;
				CLANG_WARN_OBJC_LITERAL_CONVERSION = YES;
				CLANG_WARN_OBJC_ROOT_CLASS = YES_ERROR;
				CLANG_WARN_QUOTED_INCLUDE_IN_FRAMEWORK_HEADER = YES;
				CLANG_WARN_RANGE_LOOP_ANALYSIS = YES;
				CLANG_WARN_STRICT_PROTOTYPES = YES;
				CLANG_WARN_SUSPICIOUS_MOVE = YES;
				CLANG_WARN_UNGUARDED_AVAILABILITY = YES_AGGRESSIVE;
				CLANG_WARN_UNREACHABLE_CODE = YES;
				CLANG_WARN__DUPLICATE_METHOD_MATCH = YES;
				COPY_PHASE_STRIP = NO;
				CURRENT_PROJECT_VERSION = 1;
				DEBUG_INFORMATION_FORMAT = dwarf;
				ENABLE_STRICT_OBJC_MSGSEND = YES;
				ENABLE_TESTABILITY = YES;
				GCC_C_LANGUAGE_STANDARD = gnu11;
				GCC_DYNAMIC_NO_PIC = NO;
				GCC_NO_COMMON_BLOCKS = YES;
				GCC_OPTIMIZATION_LEVEL = 0;
				GCC_PREPROCESSOR_DEFINITIONS = (
					"DEBUG=1",
					"$(inherited)",
				);
				GCC_WARN_64_TO_32_BIT_CONVERSION = YES;
				GCC_WARN_ABOUT_RETURN_TYPE = YES_ERROR;
				GCC_WARN_UNDECLARED_SELECTOR = YES;
				GCC_WARN_UNINITIALIZED_AUTOS = YES_AGGRESSIVE;
				GCC_WARN_UNUSED_FUNCTION = YES;
				GCC_WARN_UNUSED_VARIABLE = YES;
				IPHONEOS_DEPLOYMENT_TARGET = 14.0;
				MTL_ENABLE_DEBUG_INFO = INCLUDE_SOURCE;
				MTL_FAST_MATH = YES;
				ONLY_ACTIVE_ARCH = YES;
				SDKROOT = iphoneos;
				SWIFT_ACTIVE_COMPILATION_CONDITIONS = DEBUG;
				SWIFT_OPTIMIZATION_LEVEL = "-Onone";
				VERSIONING_SYSTEM = "apple-generic";
				VERSION_INFO_PREFIX = "";
			};
			name = Debug;
		};
		40B642DB251CA0A900FEF93D /* Release */ = {
			isa = XCBuildConfiguration;
			buildSettings = {
				ALWAYS_SEARCH_USER_PATHS = NO;
				CLANG_ANALYZER_NONNULL = YES;
				CLANG_ANALYZER_NUMBER_OBJECT_CONVERSION = YES_AGGRESSIVE;
				CLANG_CXX_LANGUAGE_STANDARD = "gnu++14";
				CLANG_CXX_LIBRARY = "libc++";
				CLANG_ENABLE_MODULES = YES;
				CLANG_ENABLE_OBJC_ARC = YES;
				CLANG_ENABLE_OBJC_WEAK = YES;
				CLANG_WARN_BLOCK_CAPTURE_AUTORELEASING = YES;
				CLANG_WARN_BOOL_CONVERSION = YES;
				CLANG_WARN_COMMA = YES;
				CLANG_WARN_CONSTANT_CONVERSION = YES;
				CLANG_WARN_DEPRECATED_OBJC_IMPLEMENTATIONS = YES;
				CLANG_WARN_DIRECT_OBJC_ISA_USAGE = YES_ERROR;
				CLANG_WARN_DOCUMENTATION_COMMENTS = YES;
				CLANG_WARN_EMPTY_BODY = YES;
				CLANG_WARN_ENUM_CONVERSION = YES;
				CLANG_WARN_INFINITE_RECURSION = YES;
				CLANG_WARN_INT_CONVERSION = YES;
				CLANG_WARN_NON_LITERAL_NULL_CONVERSION = YES;
				CLANG_WARN_OBJC_IMPLICIT_RETAIN_SELF = YES;
				CLANG_WARN_OBJC_LITERAL_CONVERSION = YES;
				CLANG_WARN_OBJC_ROOT_CLASS = YES_ERROR;
				CLANG_WARN_QUOTED_INCLUDE_IN_FRAMEWORK_HEADER = YES;
				CLANG_WARN_RANGE_LOOP_ANALYSIS = YES;
				CLANG_WARN_STRICT_PROTOTYPES = YES;
				CLANG_WARN_SUSPICIOUS_MOVE = YES;
				CLANG_WARN_UNGUARDED_AVAILABILITY = YES_AGGRESSIVE;
				CLANG_WARN_UNREACHABLE_CODE = YES;
				CLANG_WARN__DUPLICATE_METHOD_MATCH = YES;
				COPY_PHASE_STRIP = NO;
				CURRENT_PROJECT_VERSION = 1;
				DEBUG_INFORMATION_FORMAT = "dwarf-with-dsym";
				ENABLE_NS_ASSERTIONS = NO;
				ENABLE_STRICT_OBJC_MSGSEND = YES;
				GCC_C_LANGUAGE_STANDARD = gnu11;
				GCC_NO_COMMON_BLOCKS = YES;
				GCC_WARN_64_TO_32_BIT_CONVERSION = YES;
				GCC_WARN_ABOUT_RETURN_TYPE = YES_ERROR;
				GCC_WARN_UNDECLARED_SELECTOR = YES;
				GCC_WARN_UNINITIALIZED_AUTOS = YES_AGGRESSIVE;
				GCC_WARN_UNUSED_FUNCTION = YES;
				GCC_WARN_UNUSED_VARIABLE = YES;
				IPHONEOS_DEPLOYMENT_TARGET = 14.0;
				MTL_ENABLE_DEBUG_INFO = NO;
				MTL_FAST_MATH = YES;
				SDKROOT = iphoneos;
				SWIFT_COMPILATION_MODE = wholemodule;
				SWIFT_OPTIMIZATION_LEVEL = "-O";
				VALIDATE_PRODUCT = YES;
				VERSIONING_SYSTEM = "apple-generic";
				VERSION_INFO_PREFIX = "";
			};
			name = Release;
		};
		40B642DD251CA0A900FEF93D /* Debug */ = {
			isa = XCBuildConfiguration;
			baseConfigurationReference = 138EBE43909D6BCA7A51A52B /* Pods-RWPickFlavor.debug.xcconfig */;
			buildSettings = {
				CODE_SIGN_STYLE = Automatic;
				DEFINES_MODULE = YES;
				DEVELOPMENT_TEAM = SLM6SZ8JH3;
				DYLIB_COMPATIBILITY_VERSION = 1;
				DYLIB_CURRENT_VERSION = 1;
				DYLIB_INSTALL_NAME_BASE = "@rpath";
				INFOPLIST_FILE = RWPickFlavor/Info.plist;
				INSTALL_PATH = "$(LOCAL_LIBRARY_DIR)/Frameworks";
				LD_RUNPATH_SEARCH_PATHS = (
					"$(inherited)",
					"@executable_path/Frameworks",
					"@loader_path/Frameworks",
				);
				PRODUCT_BUNDLE_IDENTIFIER = com.dathought.RWPickFlavor;
				PRODUCT_NAME = "$(TARGET_NAME:c99extidentifier)";
				SKIP_INSTALL = YES;
				SWIFT_VERSION = 5.0;
				TARGETED_DEVICE_FAMILY = "1,2";
			};
			name = Debug;
		};
		40B642DE251CA0A900FEF93D /* Release */ = {
			isa = XCBuildConfiguration;
			baseConfigurationReference = B08A59565BE5E98197B43B59 /* Pods-RWPickFlavor.release.xcconfig */;
			buildSettings = {
				CODE_SIGN_STYLE = Automatic;
				DEFINES_MODULE = YES;
				DEVELOPMENT_TEAM = SLM6SZ8JH3;
				DYLIB_COMPATIBILITY_VERSION = 1;
				DYLIB_CURRENT_VERSION = 1;
				DYLIB_INSTALL_NAME_BASE = "@rpath";
				INFOPLIST_FILE = RWPickFlavor/Info.plist;
				INSTALL_PATH = "$(LOCAL_LIBRARY_DIR)/Frameworks";
				LD_RUNPATH_SEARCH_PATHS = (
					"$(inherited)",
					"@executable_path/Frameworks",
					"@loader_path/Frameworks",
				);
				PRODUCT_BUNDLE_IDENTIFIER = com.dathought.RWPickFlavor;
				PRODUCT_NAME = "$(TARGET_NAME:c99extidentifier)";
				SKIP_INSTALL = YES;
				SWIFT_VERSION = 5.0;
				TARGETED_DEVICE_FAMILY = "1,2";
			};
			name = Release;
		};
/* End XCBuildConfiguration section */

/* Begin XCConfigurationList section */
		40B642CE251CA0A900FEF93D /* Build configuration list for PBXProject "RWPickFlavor" */ = {
			isa = XCConfigurationList;
			buildConfigurations = (
				40B642DA251CA0A900FEF93D /* Debug */,
				40B642DB251CA0A900FEF93D /* Release */,
			);
			defaultConfigurationIsVisible = 0;
			defaultConfigurationName = Release;
		};
		40B642DC251CA0A900FEF93D /* Build configuration list for PBXNativeTarget "RWPickFlavor" */ = {
			isa = XCConfigurationList;
			buildConfigurations = (
				40B642DD251CA0A900FEF93D /* Debug */,
				40B642DE251CA0A900FEF93D /* Release */,
			);
			defaultConfigurationIsVisible = 0;
			defaultConfigurationName = Release;
		};
/* End XCConfigurationList section */
	};
	rootObject = 40B642CB251CA0A900FEF93D /* Project object */;
}
